
Microsoft Visual Studio Solution File, Format Version 12.00
# Visual Studio Version 16
VisualStudioVersion = 16.0.32002.261
MinimumVisualStudioVersion = 10.0.40219.1
Project("{FAE04EC0-301F-11D3-BF4B-00C04F79EFBC}") = "WindowsFormsApp1", "WindowsFormsApp1\WindowsFormsApp1.csproj", "{2A22CD56-9932-44EA-B9DD-4151E39FE727}"
EndProject
Project("{FAE04EC0-301F-11D3-BF4B-00C04F79EFBC}") = "Tree", "Tree\Tree.csproj", "{0205D8FB-488A-451A-B271-169118784DDF}"
EndProject
Global
	GlobalSection(SolutionConfigurationPlatforms) = preSolution
		Debug|Any CPU = Debug|Any CPU
		Release|Any CPU = Release|Any CPU
	EndGlobalSection
	GlobalSection(ProjectConfigurationPlatforms) = postSolution
		{2A22CD56-9932-44EA-B9DD-4151E39FE727}.Debug|Any CPU.ActiveCfg = Debug|Any CPU
		{2A22CD56-9932-44EA-B9DD-4151E39FE727}.Debug|Any CPU.Build.0 = Debug|Any CPU
		{2A22CD56-9932-44EA-B9DD-4151E39FE727}.Release|Any CPU.ActiveCfg = Release|Any CPU
		{2A22CD56-9932-44EA-B9DD-4151E39FE727}.Release|Any CPU.Build.0 = Release|Any CPU
		{0205D8FB-488A-451A-B271-169118784DDF}.Debug|Any CPU.ActiveCfg = Debug|Any CPU
		{0205D8FB-488A-451A-B271-169118784DDF}.Debug|Any CPU.Build.0 = Debug|Any CPU
		{0205D8FB-488A-451A-B271-169118784DDF}.Release|Any CPU.ActiveCfg = Release|Any CPU
		{0205D8FB-488A-451A-B271-169118784DDF}.Release|Any CPU.Build.0 = Release|Any CPU
	EndGlobalSection
	GlobalSection(SolutionProperties) = preSolution
		HideSolutionNode = FALSE
	EndGlobalSection
	GlobalSection(ExtensibilityGlobals) = postSolution
		SolutionGuid = {2F172D30-37DE-4424-850F-FB56FABA73A5}
	EndGlobalSection
EndGlobal
